
Microsoft Visual Studio Solution File, Format Version 12.00
# Visual Studio Version 17
VisualStudioVersion = 17.9.34616.47
MinimumVisualStudioVersion = 10.0.40219.1
Project("{FAE04EC0-301F-11D3-BF4B-00C04F79EFBC}") = "CSharpSample", "CSharpSample\CSharpSample.csproj", "{EC1F609E-8105-477E-B10B-B19F62C3A9DB}"
EndProject
Global
	GlobalSection(SolutionConfigurationPlatforms) = preSolution
		Debug|Any CPU = Debug|Any CPU
		Release|Any CPU = Release|Any CPU
	EndGlobalSection
	GlobalSection(ProjectConfigurationPlatforms) = postSolution
		{EC1F609E-8105-477E-B10B-B19F62C3A9DB}.Debug|Any CPU.ActiveCfg = Debug|Any CPU
		{EC1F609E-8105-477E-B10B-B19F62C3A9DB}.Debug|Any CPU.Build.0 = Debug|Any CPU
		{EC1F609E-8105-477E-B10B-B19F62C3A9DB}.Release|Any CPU.ActiveCfg = Release|Any CPU
		{EC1F609E-8105-477E-B10B-B19F62C3A9DB}.Release|Any CPU.Build.0 = Release|Any CPU
	EndGlobalSection
	GlobalSection(SolutionProperties) = preSolution
		HideSolutionNode = FALSE
	EndGlobalSection
	GlobalSection(ExtensibilityGlobals) = postSolution
		SolutionGuid = {625D946D-2F5D-45F4-A535-AB3816A92B6E}
	EndGlobalSection
EndGlobal
